// !$*UTF8*$!
{
	archiveVersion = 1;
	classes = {
	};
	objectVersion = 50;
	objects = {

/* Begin PBXBuildFile section */
		83A9978E2210AC6E00B31FD5 /* CBHRandomTests+Longs.m in Sources */ = {isa = PBXBuildFile; fileRef = 83A9978D2210AC6E00B31FD5 /* CBHRandomTests+Longs.m */; };
		83A997902210AE1100B31FD5 /* CBHRandomTests+LongLongs.m in Sources */ = {isa = PBXBuildFile; fileRef = 83A9978F2210AE1100B31FD5 /* CBHRandomTests+LongLongs.m */; };
		83A997922210AEB800B31FD5 /* CBHRandomTests+Ints.m in Sources */ = {isa = PBXBuildFile; fileRef = 83A997912210AEB800B31FD5 /* CBHRandomTests+Ints.m */; };
		83A997942210AF1000B31FD5 /* CBHRandomTests+Shorts.m in Sources */ = {isa = PBXBuildFile; fileRef = 83A997932210AF1000B31FD5 /* CBHRandomTests+Shorts.m */; };
		83A997962210B01000B31FD5 /* CBHRandomTests+Chars.m in Sources */ = {isa = PBXBuildFile; fileRef = 83A997952210B01000B31FD5 /* CBHRandomTests+Chars.m */; };
		83A997982210B24E00B31FD5 /* CBHRandomTests+Floats.m in Sources */ = {isa = PBXBuildFile; fileRef = 83A997972210B24E00B31FD5 /* CBHRandomTests+Floats.m */; };
		83A9979A2210B6A000B31FD5 /* CBHRandomTests+Bytes.m in Sources */ = {isa = PBXBuildFile; fileRef = 83A997992210B6A000B31FD5 /* CBHRandomTests+Bytes.m */; };
		83AB993C223361EC00F0310C /* CBHRandomTests+Bool.m in Sources */ = {isa = PBXBuildFile; fileRef = 83AB993B223361EC00F0310C /* CBHRandomTests+Bool.m */; };
		83AB993E2233F78700F0310C /* CBHRandomTests+Array.m in Sources */ = {isa = PBXBuildFile; fileRef = 83AB993D2233F78700F0310C /* CBHRandomTests+Array.m */; };
		83AB9940223402AD00F0310C /* CBHRandomTests+MutableArray.m in Sources */ = {isa = PBXBuildFile; fileRef = 83AB993F223402AD00F0310C /* CBHRandomTests+MutableArray.m */; };
		83AB994222341F0600F0310C /* CBHRandomTests+Data.m in Sources */ = {isa = PBXBuildFile; fileRef = 83AB994122341F0600F0310C /* CBHRandomTests+Data.m */; };
		83AB9944223422B900F0310C /* CBHRandomTests+Number.m in Sources */ = {isa = PBXBuildFile; fileRef = 83AB9943223422B900F0310C /* CBHRandomTests+Number.m */; };
		83E6D15C220FE02D00B6F4A8 /* CBHRandomKit.h in Headers */ = {isa = PBXBuildFile; fileRef = 83E6D15A220FE02D00B6F4A8 /* CBHRandomKit.h */; settings = {ATTRIBUTES = (Public, ); }; };
		83E6D164220FE05A00B6F4A8 /* CBHRandom.h in Headers */ = {isa = PBXBuildFile; fileRef = 83E6D162220FE05A00B6F4A8 /* CBHRandom.h */; settings = {ATTRIBUTES = (Public, ); }; };
		83E6D165220FE05A00B6F4A8 /* CBHRandom.m in Sources */ = {isa = PBXBuildFile; fileRef = 83E6D163220FE05A00B6F4A8 /* CBHRandom.m */; };
		83E6D16E220FE09500B6F4A8 /* NSMutableArray+CBHRandomKit.m in Sources */ = {isa = PBXBuildFile; fileRef = 83E6D168220FE09500B6F4A8 /* NSMutableArray+CBHRandomKit.m */; };
		83E6D16F220FE09500B6F4A8 /* NSArray+CBHRandomKit.h in Headers */ = {isa = PBXBuildFile; fileRef = 83E6D169220FE09500B6F4A8 /* NSArray+CBHRandomKit.h */; settings = {ATTRIBUTES = (Public, ); }; };
		83E6D170220FE09500B6F4A8 /* NSNumber+CBHRandomKit.h in Headers */ = {isa = PBXBuildFile; fileRef = 83E6D16A220FE09500B6F4A8 /* NSNumber+CBHRandomKit.h */; settings = {ATTRIBUTES = (Public, ); }; };
		83E6D171220FE09500B6F4A8 /* NSMutableArray+CBHRandomKit.h in Headers */ = {isa = PBXBuildFile; fileRef = 83E6D16B220FE09500B6F4A8 /* NSMutableArray+CBHRandomKit.h */; settings = {ATTRIBUTES = (Public, ); }; };
		83E6D172220FE09500B6F4A8 /* NSArray+CBHRandomKit.m in Sources */ = {isa = PBXBuildFile; fileRef = 83E6D16C220FE09500B6F4A8 /* NSArray+CBHRandomKit.m */; };
		83E6D173220FE09500B6F4A8 /* NSNumber+CBHRandomKit.m in Sources */ = {isa = PBXBuildFile; fileRef = 83E6D16D220FE09500B6F4A8 /* NSNumber+CBHRandomKit.m */; };
		83E6D18122109A4700B6F4A8 /* CBHRandomKit.framework in Frameworks */ = {isa = PBXBuildFile; fileRef = 83E6D157220FE02D00B6F4A8 /* CBHRandomKit.framework */; };
		83E6D18822109A8F00B6F4A8 /* CBHRandomTests+Integers.m in Sources */ = {isa = PBXBuildFile; fileRef = 83E6D18722109A8F00B6F4A8 /* CBHRandomTests+Integers.m */; };
/* End PBXBuildFile section */

/* Begin PBXContainerItemProxy section */
		83E6D18222109A4700B6F4A8 /* PBXContainerItemProxy */ = {
			isa = PBXContainerItemProxy;
			containerPortal = 83E6D14E220FE02D00B6F4A8 /* Project object */;
			proxyType = 1;
			remoteGlobalIDString = 83E6D156220FE02D00B6F4A8;
			remoteInfo = CBHRandomKit;
		};
/* End PBXContainerItemProxy section */

/* Begin PBXFileReference section */
		839C0D86223315F10074D919 /* README.md */ = {isa = PBXFileReference; lastKnownFileType = net.daringfireball.markdown; path = README.md; sourceTree = "<group>"; };
		83A9978D2210AC6E00B31FD5 /* CBHRandomTests+Longs.m */ = {isa = PBXFileReference; lastKnownFileType = sourcecode.c.objc; path = "CBHRandomTests+Longs.m"; sourceTree = "<group>"; };
		83A9978F2210AE1100B31FD5 /* CBHRandomTests+LongLongs.m */ = {isa = PBXFileReference; lastKnownFileType = sourcecode.c.objc; path = "CBHRandomTests+LongLongs.m"; sourceTree = "<group>"; };
		83A997912210AEB800B31FD5 /* CBHRandomTests+Ints.m */ = {isa = PBXFileReference; lastKnownFileType = sourcecode.c.objc; path = "CBHRandomTests+Ints.m"; sourceTree = "<group>"; };
		83A997932210AF1000B31FD5 /* CBHRandomTests+Shorts.m */ = {isa = PBXFileReference; lastKnownFileType = sourcecode.c.objc; path = "CBHRandomTests+Shorts.m"; sourceTree = "<group>"; };
		83A997952210B01000B31FD5 /* CBHRandomTests+Chars.m */ = {isa = PBXFileReference; lastKnownFileType = sourcecode.c.objc; path = "CBHRandomTests+Chars.m"; sourceTree = "<group>"; };
		83A997972210B24E00B31FD5 /* CBHRandomTests+Floats.m */ = {isa = PBXFileReference; lastKnownFileType = sourcecode.c.objc; path = "CBHRandomTests+Floats.m"; sourceTree = "<group>"; };
		83A997992210B6A000B31FD5 /* CBHRandomTests+Bytes.m */ = {isa = PBXFileReference; lastKnownFileType = sourcecode.c.objc; path = "CBHRandomTests+Bytes.m"; sourceTree = "<group>"; };
		83AB993A2233556C00F0310C /* LICENSE */ = {isa = PBXFileReference; lastKnownFileType = text; path = LICENSE; sourceTree = "<group>"; };
		83AB993B223361EC00F0310C /* CBHRandomTests+Bool.m */ = {isa = PBXFileReference; lastKnownFileType = sourcecode.c.objc; path = "CBHRandomTests+Bool.m"; sourceTree = "<group>"; };
		83AB993D2233F78700F0310C /* CBHRandomTests+Array.m */ = {isa = PBXFileReference; lastKnownFileType = sourcecode.c.objc; path = "CBHRandomTests+Array.m"; sourceTree = "<group>"; };
		83AB993F223402AD00F0310C /* CBHRandomTests+MutableArray.m */ = {isa = PBXFileReference; lastKnownFileType = sourcecode.c.objc; path = "CBHRandomTests+MutableArray.m"; sourceTree = "<group>"; };
		83AB994122341F0600F0310C /* CBHRandomTests+Data.m */ = {isa = PBXFileReference; lastKnownFileType = sourcecode.c.objc; path = "CBHRandomTests+Data.m"; sourceTree = "<group>"; };
		83AB9943223422B900F0310C /* CBHRandomTests+Number.m */ = {isa = PBXFileReference; lastKnownFileType = sourcecode.c.objc; path = "CBHRandomTests+Number.m"; sourceTree = "<group>"; };
		83E6D157220FE02D00B6F4A8 /* CBHRandomKit.framework */ = {isa = PBXFileReference; explicitFileType = wrapper.framework; includeInIndex = 0; path = CBHRandomKit.framework; sourceTree = BUILT_PRODUCTS_DIR; };
		83E6D15A220FE02D00B6F4A8 /* CBHRandomKit.h */ = {isa = PBXFileReference; lastKnownFileType = sourcecode.c.h; path = CBHRandomKit.h; sourceTree = "<group>"; };
		83E6D15B220FE02D00B6F4A8 /* Info.plist */ = {isa = PBXFileReference; lastKnownFileType = text.plist.xml; path = Info.plist; sourceTree = "<group>"; };
		83E6D162220FE05A00B6F4A8 /* CBHRandom.h */ = {isa = PBXFileReference; fileEncoding = 4; lastKnownFileType = sourcecode.c.h; path = CBHRandom.h; sourceTree = "<group>"; };
		83E6D163220FE05A00B6F4A8 /* CBHRandom.m */ = {isa = PBXFileReference; fileEncoding = 4; lastKnownFileType = sourcecode.c.objc; path = CBHRandom.m; sourceTree = "<group>"; };
		83E6D168220FE09500B6F4A8 /* NSMutableArray+CBHRandomKit.m */ = {isa = PBXFileReference; fileEncoding = 4; lastKnownFileType = sourcecode.c.objc; path = "NSMutableArray+CBHRandomKit.m"; sourceTree = "<group>"; };
		83E6D169220FE09500B6F4A8 /* NSArray+CBHRandomKit.h */ = {isa = PBXFileReference; fileEncoding = 4; lastKnownFileType = sourcecode.c.h; path = "NSArray+CBHRandomKit.h"; sourceTree = "<group>"; };
		83E6D16A220FE09500B6F4A8 /* NSNumber+CBHRandomKit.h */ = {isa = PBXFileReference; fileEncoding = 4; lastKnownFileType = sourcecode.c.h; path = "NSNumber+CBHRandomKit.h"; sourceTree = "<group>"; };
		83E6D16B220FE09500B6F4A8 /* NSMutableArray+CBHRandomKit.h */ = {isa = PBXFileReference; fileEncoding = 4; lastKnownFileType = sourcecode.c.h; path = "NSMutableArray+CBHRandomKit.h"; sourceTree = "<group>"; };
		83E6D16C220FE09500B6F4A8 /* NSArray+CBHRandomKit.m */ = {isa = PBXFileReference; fileEncoding = 4; lastKnownFileType = sourcecode.c.objc; path = "NSArray+CBHRandomKit.m"; sourceTree = "<group>"; };
		83E6D16D220FE09500B6F4A8 /* NSNumber+CBHRandomKit.m */ = {isa = PBXFileReference; fileEncoding = 4; lastKnownFileType = sourcecode.c.objc; path = "NSNumber+CBHRandomKit.m"; sourceTree = "<group>"; };
		83E6D17C22109A4700B6F4A8 /* CBHRandomKitTests.xctest */ = {isa = PBXFileReference; explicitFileType = wrapper.cfbundle; includeInIndex = 0; path = CBHRandomKitTests.xctest; sourceTree = BUILT_PRODUCTS_DIR; };
		83E6D18022109A4700B6F4A8 /* Info.plist */ = {isa = PBXFileReference; lastKnownFileType = text.plist.xml; path = Info.plist; sourceTree = "<group>"; };
		83E6D18722109A8F00B6F4A8 /* CBHRandomTests+Integers.m */ = {isa = PBXFileReference; lastKnownFileType = sourcecode.c.objc; path = "CBHRandomTests+Integers.m"; sourceTree = "<group>"; };
/* End PBXFileReference section */

/* Begin PBXFrameworksBuildPhase section */
		83E6D154220FE02D00B6F4A8 /* Frameworks */ = {
			isa = PBXFrameworksBuildPhase;
			buildActionMask = 2147483647;
			files = (
			);
			runOnlyForDeploymentPostprocessing = 0;
		};
		83E6D17922109A4700B6F4A8 /* Frameworks */ = {
			isa = PBXFrameworksBuildPhase;
			buildActionMask = 2147483647;
			files = (
				83E6D18122109A4700B6F4A8 /* CBHRandomKit.framework in Frameworks */,
			);
			runOnlyForDeploymentPostprocessing = 0;
		};
/* End PBXFrameworksBuildPhase section */

/* Begin PBXGroup section */
		83E6D14D220FE02D00B6F4A8 = {
			isa = PBXGroup;
			children = (
				839C0D86223315F10074D919 /* README.md */,
				83AB993A2233556C00F0310C /* LICENSE */,
				83E6D159220FE02D00B6F4A8 /* CBHRandomKit */,
				83E6D17D22109A4700B6F4A8 /* CBHRandomKitTests */,
				83E6D158220FE02D00B6F4A8 /* Products */,
			);
			sourceTree = "<group>";
		};
		83E6D158220FE02D00B6F4A8 /* Products */ = {
			isa = PBXGroup;
			children = (
				83E6D157220FE02D00B6F4A8 /* CBHRandomKit.framework */,
				83E6D17C22109A4700B6F4A8 /* CBHRandomKitTests.xctest */,
			);
			name = Products;
			sourceTree = "<group>";
		};
		83E6D159220FE02D00B6F4A8 /* CBHRandomKit */ = {
			isa = PBXGroup;
			children = (
				83E6D15A220FE02D00B6F4A8 /* CBHRandomKit.h */,
				83E6D162220FE05A00B6F4A8 /* CBHRandom.h */,
				83E6D163220FE05A00B6F4A8 /* CBHRandom.m */,
				83E6D167220FE08000B6F4A8 /* Categories */,
				83E6D15B220FE02D00B6F4A8 /* Info.plist */,
			);
			path = CBHRandomKit;
			sourceTree = "<group>";
		};
		83E6D167220FE08000B6F4A8 /* Categories */ = {
			isa = PBXGroup;
			children = (
				83E6D169220FE09500B6F4A8 /* NSArray+CBHRandomKit.h */,
				83E6D16C220FE09500B6F4A8 /* NSArray+CBHRandomKit.m */,
				83E6D16B220FE09500B6F4A8 /* NSMutableArray+CBHRandomKit.h */,
				83E6D168220FE09500B6F4A8 /* NSMutableArray+CBHRandomKit.m */,
				83E6D16A220FE09500B6F4A8 /* NSNumber+CBHRandomKit.h */,
				83E6D16D220FE09500B6F4A8 /* NSNumber+CBHRandomKit.m */,
			);
			name = Categories;
			sourceTree = "<group>";
		};
		83E6D17D22109A4700B6F4A8 /* CBHRandomKitTests */ = {
			isa = PBXGroup;
			children = (
				83A997972210B24E00B31FD5 /* CBHRandomTests+Floats.m */,
				83AB993B223361EC00F0310C /* CBHRandomTests+Bool.m */,
				83A997952210B01000B31FD5 /* CBHRandomTests+Chars.m */,
				83A997992210B6A000B31FD5 /* CBHRandomTests+Bytes.m */,
				83A997932210AF1000B31FD5 /* CBHRandomTests+Shorts.m */,
				83A997912210AEB800B31FD5 /* CBHRandomTests+Ints.m */,
				83E6D18722109A8F00B6F4A8 /* CBHRandomTests+Integers.m */,
				83A9978D2210AC6E00B31FD5 /* CBHRandomTests+Longs.m */,
				83A9978F2210AE1100B31FD5 /* CBHRandomTests+LongLongs.m */,
				83AB994122341F0600F0310C /* CBHRandomTests+Data.m */,
				83AB993D2233F78700F0310C /* CBHRandomTests+Array.m */,
				83AB993F223402AD00F0310C /* CBHRandomTests+MutableArray.m */,
				83AB9943223422B900F0310C /* CBHRandomTests+Number.m */,
				83E6D18022109A4700B6F4A8 /* Info.plist */,
			);
			path = CBHRandomKitTests;
			sourceTree = "<group>";
		};
/* End PBXGroup section */

/* Begin PBXHeadersBuildPhase section */
		83E6D152220FE02D00B6F4A8 /* Headers */ = {
			isa = PBXHeadersBuildPhase;
			buildActionMask = 2147483647;
			files = (
				83E6D171220FE09500B6F4A8 /* NSMutableArray+CBHRandomKit.h in Headers */,
				83E6D164220FE05A00B6F4A8 /* CBHRandom.h in Headers */,
				83E6D170220FE09500B6F4A8 /* NSNumber+CBHRandomKit.h in Headers */,
				83E6D15C220FE02D00B6F4A8 /* CBHRandomKit.h in Headers */,
				83E6D16F220FE09500B6F4A8 /* NSArray+CBHRandomKit.h in Headers */,
			);
			runOnlyForDeploymentPostprocessing = 0;
		};
/* End PBXHeadersBuildPhase section */

/* Begin PBXNativeTarget section */
		83E6D156220FE02D00B6F4A8 /* CBHRandomKit */ = {
			isa = PBXNativeTarget;
			buildConfigurationList = 83E6D15F220FE02D00B6F4A8 /* Build configuration list for PBXNativeTarget "CBHRandomKit" */;
			buildPhases = (
				83E6D152220FE02D00B6F4A8 /* Headers */,
				83E6D153220FE02D00B6F4A8 /* Sources */,
				83E6D154220FE02D00B6F4A8 /* Frameworks */,
				83E6D155220FE02D00B6F4A8 /* Resources */,
			);
			buildRules = (
			);
			dependencies = (
			);
			name = CBHRandomKit;
			productName = CBHRandomKit;
			productReference = 83E6D157220FE02D00B6F4A8 /* CBHRandomKit.framework */;
			productType = "com.apple.product-type.framework";
		};
		83E6D17B22109A4700B6F4A8 /* CBHRandomKitTests */ = {
			isa = PBXNativeTarget;
			buildConfigurationList = 83E6D18622109A4700B6F4A8 /* Build configuration list for PBXNativeTarget "CBHRandomKitTests" */;
			buildPhases = (
				83E6D17822109A4700B6F4A8 /* Sources */,
				83E6D17922109A4700B6F4A8 /* Frameworks */,
				83E6D17A22109A4700B6F4A8 /* Resources */,
			);
			buildRules = (
			);
			dependencies = (
				83E6D18322109A4700B6F4A8 /* PBXTargetDependency */,
			);
			name = CBHRandomKitTests;
			productName = CBHRandomKitTests;
			productReference = 83E6D17C22109A4700B6F4A8 /* CBHRandomKitTests.xctest */;
			productType = "com.apple.product-type.bundle.unit-test";
		};
/* End PBXNativeTarget section */

/* Begin PBXProject section */
		83E6D14E220FE02D00B6F4A8 /* Project object */ = {
			isa = PBXProject;
			attributes = {
				LastUpgradeCheck = 1010;
				ORGANIZATIONNAME = "Christian Huxtable";
				TargetAttributes = {
					83E6D156220FE02D00B6F4A8 = {
						CreatedOnToolsVersion = 10.1;
					};
					83E6D17B22109A4700B6F4A8 = {
						CreatedOnToolsVersion = 10.1;
					};
				};
			};
			buildConfigurationList = 83E6D151220FE02D00B6F4A8 /* Build configuration list for PBXProject "CBHRandomKit" */;
			compatibilityVersion = "Xcode 9.3";
			developmentRegion = en;
			hasScannedForEncodings = 0;
			knownRegions = (
				en,
			);
			mainGroup = 83E6D14D220FE02D00B6F4A8;
			productRefGroup = 83E6D158220FE02D00B6F4A8 /* Products */;
			projectDirPath = "";
			projectRoot = "";
			targets = (
				83E6D156220FE02D00B6F4A8 /* CBHRandomKit */,
				83E6D17B22109A4700B6F4A8 /* CBHRandomKitTests */,
			);
		};
/* End PBXProject section */

/* Begin PBXResourcesBuildPhase section */
		83E6D155220FE02D00B6F4A8 /* Resources */ = {
			isa = PBXResourcesBuildPhase;
			buildActionMask = 2147483647;
			files = (
			);
			runOnlyForDeploymentPostprocessing = 0;
		};
		83E6D17A22109A4700B6F4A8 /* Resources */ = {
			isa = PBXResourcesBuildPhase;
			buildActionMask = 2147483647;
			files = (
			);
			runOnlyForDeploymentPostprocessing = 0;
		};
/* End PBXResourcesBuildPhase section */

/* Begin PBXSourcesBuildPhase section */
		83E6D153220FE02D00B6F4A8 /* Sources */ = {
			isa = PBXSourcesBuildPhase;
			buildActionMask = 2147483647;
			files = (
				83E6D16E220FE09500B6F4A8 /* NSMutableArray+CBHRandomKit.m in Sources */,
				83E6D165220FE05A00B6F4A8 /* CBHRandom.m in Sources */,
				83E6D173220FE09500B6F4A8 /* NSNumber+CBHRandomKit.m in Sources */,
				83E6D172220FE09500B6F4A8 /* NSArray+CBHRandomKit.m in Sources */,
			);
			runOnlyForDeploymentPostprocessing = 0;
		};
		83E6D17822109A4700B6F4A8 /* Sources */ = {
			isa = PBXSourcesBuildPhase;
			buildActionMask = 2147483647;
			files = (
				83A997982210B24E00B31FD5 /* CBHRandomTests+Floats.m in Sources */,
				83A9979A2210B6A000B31FD5 /* CBHRandomTests+Bytes.m in Sources */,
				83AB993C223361EC00F0310C /* CBHRandomTests+Bool.m in Sources */,
				83E6D18822109A8F00B6F4A8 /* CBHRandomTests+Integers.m in Sources */,
				83AB9944223422B900F0310C /* CBHRandomTests+Number.m in Sources */,
				83A997902210AE1100B31FD5 /* CBHRandomTests+LongLongs.m in Sources */,
				83A9978E2210AC6E00B31FD5 /* CBHRandomTests+Longs.m in Sources */,
				83AB993E2233F78700F0310C /* CBHRandomTests+Array.m in Sources */,
				83A997962210B01000B31FD5 /* CBHRandomTests+Chars.m in Sources */,
				83A997922210AEB800B31FD5 /* CBHRandomTests+Ints.m in Sources */,
				83A997942210AF1000B31FD5 /* CBHRandomTests+Shorts.m in Sources */,
				83AB994222341F0600F0310C /* CBHRandomTests+Data.m in Sources */,
				83AB9940223402AD00F0310C /* CBHRandomTests+MutableArray.m in Sources */,
			);
			runOnlyForDeploymentPostprocessing = 0;
		};
/* End PBXSourcesBuildPhase section */

/* Begin PBXTargetDependency section */
		83E6D18322109A4700B6F4A8 /* PBXTargetDependency */ = {
			isa = PBXTargetDependency;
			target = 83E6D156220FE02D00B6F4A8 /* CBHRandomKit */;
			targetProxy = 83E6D18222109A4700B6F4A8 /* PBXContainerItemProxy */;
		};
/* End PBXTargetDependency section */

/* Begin XCBuildConfiguration section */
		83E6D15D220FE02D00B6F4A8 /* Debug */ = {
			isa = XCBuildConfiguration;
			buildSettings = {
				ALWAYS_SEARCH_USER_PATHS = NO;
				CLANG_ADDRESS_SANITIZER_CONTAINER_OVERFLOW = YES;
				CLANG_ANALYZER_GCD_PERFORMANCE = YES;
				CLANG_ANALYZER_LOCALIZABILITY_EMPTY_CONTEXT = YES;
				CLANG_ANALYZER_LOCALIZABILITY_NONLOCALIZED = YES;
				CLANG_ANALYZER_NONNULL = YES;
				CLANG_ANALYZER_NUMBER_OBJECT_CONVERSION = YES_AGGRESSIVE;
				CLANG_ANALYZER_SECURITY_FLOATLOOPCOUNTER = YES;
				CLANG_ANALYZER_SECURITY_INSECUREAPI_RAND = YES;
				CLANG_ANALYZER_SECURITY_INSECUREAPI_STRCPY = YES;
				CLANG_CXX_LANGUAGE_STANDARD = "gnu++14";
				CLANG_CXX_LIBRARY = "libc++";
				CLANG_ENABLE_MODULES = YES;
				CLANG_ENABLE_OBJC_ARC = YES;
				CLANG_ENABLE_OBJC_WEAK = YES;
				CLANG_STATIC_ANALYZER_MODE = deep;
				CLANG_UNDEFINED_BEHAVIOR_SANITIZER_INTEGER = YES;
				CLANG_UNDEFINED_BEHAVIOR_SANITIZER_NULLABILITY = YES;
				CLANG_WARN_ASSIGN_ENUM = YES;
				CLANG_WARN_BLOCK_CAPTURE_AUTORELEASING = YES;
				CLANG_WARN_BOOL_CONVERSION = YES;
				CLANG_WARN_COMMA = YES;
				CLANG_WARN_CONSTANT_CONVERSION = YES;
				CLANG_WARN_DEPRECATED_OBJC_IMPLEMENTATIONS = YES;
				CLANG_WARN_DIRECT_OBJC_ISA_USAGE = YES_ERROR;
				CLANG_WARN_DOCUMENTATION_COMMENTS = YES;
				CLANG_WARN_EMPTY_BODY = YES;
				CLANG_WARN_ENUM_CONVERSION = YES;
				CLANG_WARN_FLOAT_CONVERSION = YES_ERROR;
				CLANG_WARN_IMPLICIT_SIGN_CONVERSION = YES_ERROR;
				CLANG_WARN_INFINITE_RECURSION = YES;
				CLANG_WARN_INT_CONVERSION = YES;
				CLANG_WARN_NON_LITERAL_NULL_CONVERSION = YES;
				CLANG_WARN_OBJC_EXPLICIT_OWNERSHIP_TYPE = YES;
				CLANG_WARN_OBJC_IMPLICIT_ATOMIC_PROPERTIES = YES;
				CLANG_WARN_OBJC_IMPLICIT_RETAIN_SELF = YES;
				CLANG_WARN_OBJC_LITERAL_CONVERSION = YES;
				CLANG_WARN_OBJC_MISSING_PROPERTY_SYNTHESIS = YES;
				CLANG_WARN_OBJC_REPEATED_USE_OF_WEAK = YES;
				CLANG_WARN_OBJC_ROOT_CLASS = YES_ERROR;
				CLANG_WARN_RANGE_LOOP_ANALYSIS = YES;
				CLANG_WARN_SEMICOLON_BEFORE_METHOD_BODY = YES;
				CLANG_WARN_STRICT_PROTOTYPES = YES;
				CLANG_WARN_SUSPICIOUS_IMPLICIT_CONVERSION = YES_ERROR;
				CLANG_WARN_SUSPICIOUS_MOVE = YES;
				CLANG_WARN_UNGUARDED_AVAILABILITY = YES_AGGRESSIVE;
				CLANG_WARN_UNREACHABLE_CODE = YES;
				CLANG_WARN__DUPLICATE_METHOD_MATCH = YES;
				CLANG_WARN__EXIT_TIME_DESTRUCTORS = YES;
				CODE_SIGN_IDENTITY = "Mac Developer";
				CURRENT_PROJECT_VERSION = 1;
				DEAD_CODE_STRIPPING = YES;
				DEBUG_INFORMATION_FORMAT = dwarf;
				ENABLE_HARDENED_RUNTIME = YES;
				ENABLE_STRICT_OBJC_MSGSEND = YES;
				ENABLE_TESTABILITY = YES;
				GCC_CHAR_IS_UNSIGNED_CHAR = YES;
				GCC_C_LANGUAGE_STANDARD = gnu11;
				GCC_DYNAMIC_NO_PIC = NO;
				GCC_ENABLE_OBJC_EXCEPTIONS = NO;
				GCC_NO_COMMON_BLOCKS = YES;
				GCC_OPTIMIZATION_LEVEL = 0;
				GCC_PREPROCESSOR_DEFINITIONS = (
					"DEBUG=1",
					"$(inherited)",
				);
				GCC_TREAT_IMPLICIT_FUNCTION_DECLARATIONS_AS_ERRORS = YES;
				GCC_TREAT_INCOMPATIBLE_POINTER_TYPE_WARNINGS_AS_ERRORS = YES;
				GCC_TREAT_WARNINGS_AS_ERRORS = YES;
				GCC_WARN_64_TO_32_BIT_CONVERSION = YES;
				GCC_WARN_ABOUT_MISSING_FIELD_INITIALIZERS = YES;
				GCC_WARN_ABOUT_MISSING_NEWLINE = YES;
				GCC_WARN_ABOUT_MISSING_PROTOTYPES = YES;
				GCC_WARN_ABOUT_RETURN_TYPE = YES_ERROR;
				GCC_WARN_FOUR_CHARACTER_CONSTANTS = YES;
				GCC_WARN_HIDDEN_VIRTUAL_FUNCTIONS = YES;
				GCC_WARN_INITIALIZER_NOT_FULLY_BRACKETED = YES;
				GCC_WARN_NON_VIRTUAL_DESTRUCTOR = YES;
				GCC_WARN_PEDANTIC = YES;
				GCC_WARN_SHADOW = YES;
				GCC_WARN_SIGN_COMPARE = YES;
				GCC_WARN_STRICT_SELECTOR_MATCH = YES;
				GCC_WARN_UNDECLARED_SELECTOR = YES;
				GCC_WARN_UNINITIALIZED_AUTOS = YES_AGGRESSIVE;
				GCC_WARN_UNKNOWN_PRAGMAS = YES;
				GCC_WARN_UNUSED_FUNCTION = YES;
				GCC_WARN_UNUSED_LABEL = YES;
				GCC_WARN_UNUSED_VARIABLE = YES;
				LLVM_LTO = YES;
				MACOSX_DEPLOYMENT_TARGET = 10.10;
				MTL_ENABLE_DEBUG_INFO = INCLUDE_SOURCE;
				MTL_FAST_MATH = YES;
				ONLY_ACTIVE_ARCH = YES;
				OTHER_CFLAGS = "-Wno-gnu";
				RUN_CLANG_STATIC_ANALYZER = YES;
				SDKROOT = macosx;
				VERSIONING_SYSTEM = "apple-generic";
				VERSION_INFO_PREFIX = "";
			};
			name = Debug;
		};
		83E6D15E220FE02D00B6F4A8 /* Release */ = {
			isa = XCBuildConfiguration;
			buildSettings = {
				ALWAYS_SEARCH_USER_PATHS = NO;
				CLANG_ADDRESS_SANITIZER_CONTAINER_OVERFLOW = YES;
				CLANG_ANALYZER_GCD_PERFORMANCE = YES;
				CLANG_ANALYZER_LOCALIZABILITY_EMPTY_CONTEXT = YES;
				CLANG_ANALYZER_LOCALIZABILITY_NONLOCALIZED = YES;
				CLANG_ANALYZER_NONNULL = YES;
				CLANG_ANALYZER_NUMBER_OBJECT_CONVERSION = YES_AGGRESSIVE;
				CLANG_ANALYZER_SECURITY_FLOATLOOPCOUNTER = YES;
				CLANG_ANALYZER_SECURITY_INSECUREAPI_RAND = YES;
				CLANG_ANALYZER_SECURITY_INSECUREAPI_STRCPY = YES;
				CLANG_CXX_LANGUAGE_STANDARD = "gnu++14";
				CLANG_CXX_LIBRARY = "libc++";
				CLANG_ENABLE_MODULES = YES;
				CLANG_ENABLE_OBJC_ARC = YES;
				CLANG_ENABLE_OBJC_WEAK = YES;
				CLANG_STATIC_ANALYZER_MODE = deep;
				CLANG_UNDEFINED_BEHAVIOR_SANITIZER_INTEGER = YES;
				CLANG_UNDEFINED_BEHAVIOR_SANITIZER_NULLABILITY = YES;
				CLANG_WARN_ASSIGN_ENUM = YES;
				CLANG_WARN_BLOCK_CAPTURE_AUTORELEASING = YES;
				CLANG_WARN_BOOL_CONVERSION = YES;
				CLANG_WARN_COMMA = YES;
				CLANG_WARN_CONSTANT_CONVERSION = YES;
				CLANG_WARN_DEPRECATED_OBJC_IMPLEMENTATIONS = YES;
				CLANG_WARN_DIRECT_OBJC_ISA_USAGE = YES_ERROR;
				CLANG_WARN_DOCUMENTATION_COMMENTS = YES;
				CLANG_WARN_EMPTY_BODY = YES;
				CLANG_WARN_ENUM_CONVERSION = YES;
				CLANG_WARN_FLOAT_CONVERSION = YES_ERROR;
				CLANG_WARN_IMPLICIT_SIGN_CONVERSION = YES_ERROR;
				CLANG_WARN_INFINITE_RECURSION = YES;
				CLANG_WARN_INT_CONVERSION = YES;
				CLANG_WARN_NON_LITERAL_NULL_CONVERSION = YES;
				CLANG_WARN_OBJC_EXPLICIT_OWNERSHIP_TYPE = YES;
				CLANG_WARN_OBJC_IMPLICIT_ATOMIC_PROPERTIES = YES;
				CLANG_WARN_OBJC_IMPLICIT_RETAIN_SELF = YES;
				CLANG_WARN_OBJC_LITERAL_CONVERSION = YES;
				CLANG_WARN_OBJC_MISSING_PROPERTY_SYNTHESIS = YES;
				CLANG_WARN_OBJC_REPEATED_USE_OF_WEAK = YES;
				CLANG_WARN_OBJC_ROOT_CLASS = YES_ERROR;
				CLANG_WARN_RANGE_LOOP_ANALYSIS = YES;
				CLANG_WARN_SEMICOLON_BEFORE_METHOD_BODY = YES;
				CLANG_WARN_STRICT_PROTOTYPES = YES;
				CLANG_WARN_SUSPICIOUS_IMPLICIT_CONVERSION = YES_ERROR;
				CLANG_WARN_SUSPICIOUS_MOVE = YES;
				CLANG_WARN_UNGUARDED_AVAILABILITY = YES_AGGRESSIVE;
				CLANG_WARN_UNREACHABLE_CODE = YES;
				CLANG_WARN__DUPLICATE_METHOD_MATCH = YES;
				CLANG_WARN__EXIT_TIME_DESTRUCTORS = YES;
				CODE_SIGN_IDENTITY = "Mac Developer";
				CURRENT_PROJECT_VERSION = 1;
				DEAD_CODE_STRIPPING = YES;
				DEBUG_INFORMATION_FORMAT = "dwarf-with-dsym";
				ENABLE_HARDENED_RUNTIME = YES;
				ENABLE_NS_ASSERTIONS = NO;
				ENABLE_STRICT_OBJC_MSGSEND = YES;
				GCC_CHAR_IS_UNSIGNED_CHAR = YES;
				GCC_C_LANGUAGE_STANDARD = gnu11;
				GCC_ENABLE_OBJC_EXCEPTIONS = NO;
				GCC_GENERATE_DEBUGGING_SYMBOLS = NO;
				GCC_NO_COMMON_BLOCKS = YES;
				GCC_OPTIMIZATION_LEVEL = fast;
				GCC_TREAT_IMPLICIT_FUNCTION_DECLARATIONS_AS_ERRORS = YES;
				GCC_TREAT_INCOMPATIBLE_POINTER_TYPE_WARNINGS_AS_ERRORS = YES;
				GCC_TREAT_WARNINGS_AS_ERRORS = YES;
				GCC_WARN_64_TO_32_BIT_CONVERSION = YES;
				GCC_WARN_ABOUT_MISSING_FIELD_INITIALIZERS = YES;
				GCC_WARN_ABOUT_MISSING_NEWLINE = YES;
				GCC_WARN_ABOUT_MISSING_PROTOTYPES = YES;
				GCC_WARN_ABOUT_RETURN_TYPE = YES_ERROR;
				GCC_WARN_FOUR_CHARACTER_CONSTANTS = YES;
				GCC_WARN_HIDDEN_VIRTUAL_FUNCTIONS = YES;
				GCC_WARN_INITIALIZER_NOT_FULLY_BRACKETED = YES;
				GCC_WARN_NON_VIRTUAL_DESTRUCTOR = YES;
				GCC_WARN_PEDANTIC = YES;
				GCC_WARN_SHADOW = YES;
				GCC_WARN_SIGN_COMPARE = YES;
				GCC_WARN_STRICT_SELECTOR_MATCH = YES;
				GCC_WARN_UNDECLARED_SELECTOR = YES;
				GCC_WARN_UNINITIALIZED_AUTOS = YES_AGGRESSIVE;
				GCC_WARN_UNKNOWN_PRAGMAS = YES;
				GCC_WARN_UNUSED_FUNCTION = YES;
				GCC_WARN_UNUSED_LABEL = YES;
				GCC_WARN_UNUSED_VARIABLE = YES;
				LLVM_LTO = YES;
				MACOSX_DEPLOYMENT_TARGET = 10.10;
				MTL_ENABLE_DEBUG_INFO = NO;
				MTL_FAST_MATH = YES;
				OTHER_CFLAGS = "-Wno-gnu";
				RUN_CLANG_STATIC_ANALYZER = YES;
				SDKROOT = macosx;
				VERSIONING_SYSTEM = "apple-generic";
				VERSION_INFO_PREFIX = "";
			};
			name = Release;
		};
		83E6D160220FE02D00B6F4A8 /* Debug */ = {
			isa = XCBuildConfiguration;
			buildSettings = {
				CODE_SIGN_IDENTITY = "";
				CODE_SIGN_STYLE = Automatic;
				DEFINES_MODULE = YES;
				DEVELOPMENT_TEAM = "";
				INFOPLIST_FILE = CBHRandomKit/Info.plist;
				LD_RUNPATH_SEARCH_PATHS = (
					"$(inherited)",
					"@executable_path/../Frameworks",
					"@loader_path/Frameworks",
				);
				MACOSX_DEPLOYMENT_TARGET = 10.10;
				PRODUCT_BUNDLE_IDENTIFIER = ca.huxtable.CBHRandomKit;
				PRODUCT_NAME = "$(TARGET_NAME:c99extidentifier)";
				PROVISIONING_PROFILE_SPECIFIER = "";
			};
			name = Debug;
		};
		83E6D161220FE02D00B6F4A8 /* Release */ = {
			isa = XCBuildConfiguration;
			buildSettings = {
				CODE_SIGN_IDENTITY = "";
				CODE_SIGN_STYLE = Automatic;
				DEFINES_MODULE = YES;
				DEVELOPMENT_TEAM = "";
				INFOPLIST_FILE = CBHRandomKit/Info.plist;
				LD_RUNPATH_SEARCH_PATHS = (
					"$(inherited)",
					"@executable_path/../Frameworks",
					"@loader_path/Frameworks",
				);
				MACOSX_DEPLOYMENT_TARGET = 10.10;
				PRODUCT_BUNDLE_IDENTIFIER = ca.huxtable.CBHRandomKit;
				PRODUCT_NAME = "$(TARGET_NAME:c99extidentifier)";
				PROVISIONING_PROFILE_SPECIFIER = "";
			};
			name = Release;
		};
		83E6D18422109A4700B6F4A8 /* Debug */ = {
			isa = XCBuildConfiguration;
			buildSettings = {
				CLANG_ENABLE_OBJC_ARC = YES;
				CODE_SIGN_IDENTITY = "Mac Developer";
				CODE_SIGN_STYLE = Automatic;
				COMBINE_HIDPI_IMAGES = YES;
				DEVELOPMENT_TEAM = BACZA3W44R;
				GCC_ENABLE_OBJC_EXCEPTIONS = YES;
				INFOPLIST_FILE = CBHRandomKitTests/Info.plist;
				LD_RUNPATH_SEARCH_PATHS = (
					"$(inherited)",
					"@executable_path/../Frameworks",
					"@loader_path/../Frameworks",
				);
				MACOSX_DEPLOYMENT_TARGET = 10.14;
				PRODUCT_BUNDLE_IDENTIFIER = ca.huxtable.CBHRandomKitTests;
				PRODUCT_NAME = "$(TARGET_NAME)";
				PROVISIONING_PROFILE_SPECIFIER = "";
			};
			name = Debug;
		};
		83E6D18522109A4700B6F4A8 /* Release */ = {
			isa = XCBuildConfiguration;
			buildSettings = {
				CLANG_ENABLE_OBJC_ARC = YES;
				CODE_SIGN_IDENTITY = "Mac Developer";
				CODE_SIGN_STYLE = Automatic;
				COMBINE_HIDPI_IMAGES = YES;
				DEVELOPMENT_TEAM = BACZA3W44R;
				GCC_ENABLE_OBJC_EXCEPTIONS = YES;
				INFOPLIST_FILE = CBHRandomKitTests/Info.plist;
				LD_RUNPATH_SEARCH_PATHS = (
					"$(inherited)",
					"@executable_path/../Frameworks",
					"@loader_path/../Frameworks",
				);
				MACOSX_DEPLOYMENT_TARGET = 10.14;
				PRODUCT_BUNDLE_IDENTIFIER = ca.huxtable.CBHRandomKitTests;
				PRODUCT_NAME = "$(TARGET_NAME)";
				PROVISIONING_PROFILE_SPECIFIER = "";
			};
			name = Release;
		};
/* End XCBuildConfiguration section */

/* Begin XCConfigurationList section */
		83E6D151220FE02D00B6F4A8 /* Build configuration list for PBXProject "CBHRandomKit" */ = {
			isa = XCConfigurationList;
			buildConfigurations = (
				83E6D15D220FE02D00B6F4A8 /* Debug */,
				83E6D15E220FE02D00B6F4A8 /* Release */,
			);
			defaultConfigurationIsVisible = 0;
			defaultConfigurationName = Release;
		};
		83E6D15F220FE02D00B6F4A8 /* Build configuration list for PBXNativeTarget "CBHRandomKit" */ = {
			isa = XCConfigurationList;
			buildConfigurations = (
				83E6D160220FE02D00B6F4A8 /* Debug */,
				83E6D161220FE02D00B6F4A8 /* Release */,
			);
			defaultConfigurationIsVisible = 0;
			defaultConfigurationName = Release;
		};
		83E6D18622109A4700B6F4A8 /* Build configuration list for PBXNativeTarget "CBHRandomKitTests" */ = {
			isa = XCConfigurationList;
			buildConfigurations = (
				83E6D18422109A4700B6F4A8 /* Debug */,
				83E6D18522109A4700B6F4A8 /* Release */,
			);
			defaultConfigurationIsVisible = 0;
			defaultConfigurationName = Release;
		};
/* End XCConfigurationList section */
	};
	rootObject = 83E6D14E220FE02D00B6F4A8 /* Project object */;
}
